PODS:
  - audioplayers_darwin (0.0.1):
    - Flutter
    - FlutterMacOS
  - Flutter (1.0.0)
  - onnxruntime-c (1.22.0)
  - onnxruntime-objc (1.22.0):
    - onnxruntime-objc/Core (= 1.22.0)
  - onnxruntime-objc/Core (1.22.0):
    - onnxruntime-c (= 1.22.0)
  - path_provider_foundation (0.0.1):
    - Flutter
    - FlutterMacOS
  - permission_handler_apple (9.3.0):
    - Flutter
  - record_ios (1.0.0):
    - Flutter
  - vad (0.0.6):
    - Flutter
    - onnxruntime-objc (= 1.22.0)

DEPENDENCIES:
  - audioplayers_darwin (from `.symlinks/plugins/audioplayers_darwin/darwin`)
  - Flutter (from `Flutter`)
  - path_provider_foundation (from `.symlinks/plugins/path_provider_foundation/darwin`)
  - permission_handler_apple (from `.symlinks/plugins/permission_handler_apple/ios`)
  - record_ios (from `.symlinks/plugins/record_ios/ios`)
  - vad (from `.symlinks/plugins/vad/ios`)

SPEC REPOS:
  trunk:
    - onnxruntime-c
    - onnxruntime-objc

EXTERNAL SOURCES:
  audioplayers_darwin:
    :path: ".symlinks/plugins/audioplayers_darwin/darwin"
  Flutter:
    :path: Flutter
  path_provider_foundation:
    :path: ".symlinks/plugins/path_provider_foundation/darwin"
  permission_handler_apple:
    :path: ".symlinks/plugins/permission_handler_apple/ios"
  record_ios:
    :path: ".symlinks/plugins/record_ios/ios"
  vad:
    :path: ".symlinks/plugins/vad/ios"

SPEC CHECKSUMS:
  audioplayers_darwin: 4f9ca89d92d3d21cec7ec580e78ca888e5fb68bd
  Flutter: cabc95a1d2626b1b06e7179b784ebcf0c0cde467
  onnxruntime-c: 7f778680e96145956c0a31945f260321eed2611a
  onnxruntime-objc: 83d28b87525bd971259a66e153ea32b5d023de19
  path_provider_foundation: 080d55be775b7414fd5a5ef3ac137b97b097e564
  permission_handler_apple: 4ed2196e43d0651e8ff7ca3483a069d469701f2d
  record_ios: fee1c924aa4879b882ebca2b4bce6011bcfc3d8b
  vad: 2676d30f0f5c4ca7939fb1e474bd82924fab7a2f

PODFILE CHECKSUM: bd29822c3d5baf6b44b726f00ea3293a19339ef2

COCOAPODS: 1.16.2
